<?xml version="1.0" encoding="utf-8"?>
<Project ToolsVersion="4.0" xmlns="http://schemas.microsoft.com/developer/msbuild/2003">
  <ItemGroup>
    <Filter Include="Source Files">
      <UniqueIdentifier>{4FC737F1-C7A5-4376-A066-2A32D752A2FF}</UniqueIdentifier>
      <Extensions>cpp;c;cc;cxx;c++;cppm;ixx;def;odl;idl;hpj;bat;asm;asmx</Extensions>
    </Filter>
    <Filter Include="Header Files">
      <UniqueIdentifier>{93995380-89BD-4b04-88EB-625FBE52EBFB}</UniqueIdentifier>
      <Extensions>h;hh;hpp;hxx;h++;hm;inl;inc;ipp;xsd</Extensions>
    </Filter>
    <Filter Include="Resource Files">
      <UniqueIdentifier>{67DA6AB6-F800-4c08-8B7A-83BB121AAD01}</UniqueIdentifier>
      <Extensions>rc;ico;cur;bmp;dlg;rc2;rct;bin;rgs;gif;jpg;jpeg;jpe;resx;tiff;tif;png;wav;mfcribbon-ms</Extensions>
    </Filter>
    <Filter Include="Header Files\GameObjects">
      <UniqueIdentifier>{20abf799-8995-4deb-9015-1fa8b8f35e9b}</UniqueIdentifier>
    </Filter>
    <Filter Include="Resource Files\GameObjects">
      <UniqueIdentifier>{0f508b85-7103-4c4b-acf1-ff7add1a64f1}</UniqueIdentifier>
    </Filter>
    <Filter Include="Header Files\Sprite">
      <UniqueIdentifier>{ba02e786-e149-4e9e-8623-6ac4784066e5}</UniqueIdentifier>
    </Filter>
    <Filter Include="Resource Files\Sprite">
      <UniqueIdentifier>{8b4c4186-1522-4db6-aebb-d557964a9222}</UniqueIdentifier>
    </Filter>
  </ItemGroup>
  <ItemGroup>
    <ClCompile Include="src\Animation.cpp">
      <Filter>Resource Files</Filter>
    </ClCompile>
    <ClCompile Include="src\Game.cpp">
      <Filter>Resource Files</Filter>
    </ClCompile>
    <ClCompile Include="src\MusicPlayer.cpp">
      <Filter>Resource Files</Filter>
    </ClCompile>
    <ClCompile Include="src\Vector2.cpp">
      <Filter>Resource Files</Filter>
    </ClCompile>
    <ClCompile Include="src\main.cpp">
      <Filter>Source Files</Filter>
    </ClCompile>
    <ClCompile Include="src\UFO.cpp">
      <Filter>Resource Files\GameObjects</Filter>
    </ClCompile>
    <ClCompile Include="src\Spaceship.cpp">
      <Filter>Resource Files\GameObjects</Filter>
    </ClCompile>
    <ClCompile Include="src\Player.cpp">
      <Filter>Resource Files\GameObjects</Filter>
    </ClCompile>
    <ClCompile Include="src\GameObject.cpp">
      <Filter>Resource Files\GameObjects</Filter>
    </ClCompile>
    <ClCompile Include="src\Bullet.cpp">
      <Filter>Resource Files\GameObjects</Filter>
    </ClCompile>
    <ClCompile Include="src\Asteroid.cpp">
      <Filter>Resource Files\GameObjects</Filter>
    </ClCompile>
    <ClCompile Include="src\Sprite.cpp">
      <Filter>Resource Files\Sprite</Filter>
    </ClCompile>
    <ClCompile Include="src\TextSprite.cpp">
      <Filter>Resource Files\Sprite</Filter>
    </ClCompile>
  </ItemGroup>
  <ItemGroup>
    <ClInclude Include="include\Animation.h">
      <Filter>Header Files</Filter>
    </ClInclude>
    <ClInclude Include="include\Game.h">
      <Filter>Header Files</Filter>
    </ClInclude>
    <ClInclude Include="include\MusicPlayer.h">
      <Filter>Header Files</Filter>
    </ClInclude>
    <ClInclude Include="include\Vector2.h">
      <Filter>Header Files</Filter>
    </ClInclude>
    <ClInclude Include="include\Asteroid.h">
      <Filter>Header Files\GameObjects</Filter>
    </ClInclude>
    <ClInclude Include="include\Bullet.h">
      <Filter>Header Files\GameObjects</Filter>
    </ClInclude>
    <ClInclude Include="include\GameObject.h">
      <Filter>Header Files\GameObjects</Filter>
    </ClInclude>
    <ClInclude Include="include\Player.h">
      <Filter>Header Files\GameObjects</Filter>
    </ClInclude>
    <ClInclude Include="include\Spaceship.h">
      <Filter>Header Files\GameObjects</Filter>
    </ClInclude>
    <ClInclude Include="include\TextSprite.h">
      <Filter>Header Files\Sprite</Filter>
    </ClInclude>
    <ClInclude Include="include\Sprite.h">
      <Filter>Header Files\Sprite</Filter>
    </ClInclude>
    <ClInclude Include="include\UFO.h">
      <Filter>Header Files\GameObjects</Filter>
    </ClInclude>
  </ItemGroup>
</Project>